// !$*UTF8*$!
{
	archiveVersion = 1;
	classes = {
	};
	objectVersion = 56;
	objects = {

/* Begin PBXBuildFile section */
		B0F7D3BD2BB387AE00D03811 /* AppDelegate.swift in Sources */ = {isa = PBXBuildFile; fileRef = B0F7D3BC2BB387AE00D03811 /* AppDelegate.swift */; };
		B0F7D3BF2BB387AE00D03811 /* SceneDelegate.swift in Sources */ = {isa = PBXBuildFile; fileRef = B0F7D3BE2BB387AE00D03811 /* SceneDelegate.swift */; };
		B0F7D3C12BB387AE00D03811 /* ViewController.swift in Sources */ = {isa = PBXBuildFile; fileRef = B0F7D3C02BB387AE00D03811 /* ViewController.swift */; };
		B0F7D3C42BB387AE00D03811 /* Main.storyboard in Resources */ = {isa = PBXBuildFile; fileRef = B0F7D3C22BB387AE00D03811 /* Main.storyboard */; };
		B0F7D3C62BB387AF00D03811 /* Assets.xcassets in Resources */ = {isa = PBXBuildFile; fileRef = B0F7D3C52BB387AF00D03811 /* Assets.xcassets */; };
		B0F7D3C92BB387AF00D03811 /* LaunchScreen.storyboard in Resources */ = {isa = PBXBuildFile; fileRef = B0F7D3C72BB387AF00D03811 /* LaunchScreen.storyboard */; };
		B0F7D3D42BB387B000D03811 /* GestureRecognizeAppTests.swift in Sources */ = {isa = PBXBuildFile; fileRef = B0F7D3D32BB387B000D03811 /* GestureRecognizeAppTests.swift */; };
		B0F7D3DE2BB387B000D03811 /* GestureRecognizeAppUITests.swift in Sources */ = {isa = PBXBuildFile; fileRef = B0F7D3DD2BB387B000D03811 /* GestureRecognizeAppUITests.swift */; };
		B0F7D3E02BB387B000D03811 /* GestureRecognizeAppUITestsLaunchTests.swift in Sources */ = {isa = PBXBuildFile; fileRef = B0F7D3DF2BB387B000D03811 /* GestureRecognizeAppUITestsLaunchTests.swift */; };
/* End PBXBuildFile section */

/* Begin PBXContainerItemProxy section */
		B0F7D3D02BB387B000D03811 /* PBXContainerItemProxy */ = {
			isa = PBXContainerItemProxy;
			containerPortal = B0F7D3B12BB387AE00D03811 /* Project object */;
			proxyType = 1;
			remoteGlobalIDString = B0F7D3B82BB387AE00D03811;
			remoteInfo = GestureRecognizeApp;
		};
		B0F7D3DA2BB387B000D03811 /* PBXContainerItemProxy */ = {
			isa = PBXContainerItemProxy;
			containerPortal = B0F7D3B12BB387AE00D03811 /* Project object */;
			proxyType = 1;
			remoteGlobalIDString = B0F7D3B82BB387AE00D03811;
			remoteInfo = GestureRecognizeApp;
		};
/* End PBXContainerItemProxy section */

/* Begin PBXFileReference section */
		B0F7D3B92BB387AE00D03811 /* GestureRecognizeApp.app */ = {isa = PBXFileReference; explicitFileType = wrapper.application; includeInIndex = 0; path = GestureRecognizeApp.app; sourceTree = BUILT_PRODUCTS_DIR; };
		B0F7D3BC2BB387AE00D03811 /* AppDelegate.swift */ = {isa = PBXFileReference; lastKnownFileType = sourcecode.swift; path = AppDelegate.swift; sourceTree = "<group>"; };
		B0F7D3BE2BB387AE00D03811 /* SceneDelegate.swift */ = {isa = PBXFileReference; lastKnownFileType = sourcecode.swift; path = SceneDelegate.swift; sourceTree = "<group>"; };
		B0F7D3C02BB387AE00D03811 /* ViewController.swift */ = {isa = PBXFileReference; lastKnownFileType = sourcecode.swift; path = ViewController.swift; sourceTree = "<group>"; };
		B0F7D3C32BB387AE00D03811 /* Base */ = {isa = PBXFileReference; lastKnownFileType = file.storyboard; name = Base; path = Base.lproj/Main.storyboard; sourceTree = "<group>"; };
		B0F7D3C52BB387AF00D03811 /* Assets.xcassets */ = {isa = PBXFileReference; lastKnownFileType = folder.assetcatalog; path = Assets.xcassets; sourceTree = "<group>"; };
		B0F7D3C82BB387AF00D03811 /* Base */ = {isa = PBXFileReference; lastKnownFileType = file.storyboard; name = Base; path = Base.lproj/LaunchScreen.storyboard; sourceTree = "<group>"; };
		B0F7D3CA2BB387AF00D03811 /* Info.plist */ = {isa = PBXFileReference; lastKnownFileType = text.plist.xml; path = Info.plist; sourceTree = "<group>"; };
		B0F7D3CF2BB387B000D03811 /* GestureRecognizeAppTests.xctest */ = {isa = PBXFileReference; explicitFileType = wrapper.cfbundle; includeInIndex = 0; path = GestureRecognizeAppTests.xctest; sourceTree = BUILT_PRODUCTS_DIR; };
		B0F7D3D32BB387B000D03811 /* GestureRecognizeAppTests.swift */ = {isa = PBXFileReference; lastKnownFileType = sourcecode.swift; path = GestureRecognizeAppTests.swift; sourceTree = "<group>"; };
		B0F7D3D92BB387B000D03811 /* GestureRecognizeAppUITests.xctest */ = {isa = PBXFileReference; explicitFileType = wrapper.cfbundle; includeInIndex = 0; path = GestureRecognizeAppUITests.xctest; sourceTree = BUILT_PRODUCTS_DIR; };
		B0F7D3DD2BB387B000D03811 /* GestureRecognizeAppUITests.swift */ = {isa = PBXFileReference; lastKnownFileType = sourcecode.swift; path = GestureRecognizeAppUITests.swift; sourceTree = "<group>"; };
		B0F7D3DF2BB387B000D03811 /* GestureRecognizeAppUITestsLaunchTests.swift */ = {isa = PBXFileReference; lastKnownFileType = sourcecode.swift; path = GestureRecognizeAppUITestsLaunchTests.swift; sourceTree = "<group>"; };
/* End PBXFileReference section */

/* Begin PBXFrameworksBuildPhase section */
		B0F7D3B62BB387AE00D03811 /* Frameworks */ = {
			isa = PBXFrameworksBuildPhase;
			buildActionMask = 2147483647;
			files = (
			);
			runOnlyForDeploymentPostprocessing = 0;
		};
		B0F7D3CC2BB387B000D03811 /* Frameworks */ = {
			isa = PBXFrameworksBuildPhase;
			buildActionMask = 2147483647;
			files = (
			);
			runOnlyForDeploymentPostprocessing = 0;
		};
		B0F7D3D62BB387B000D03811 /* Frameworks */ = {
			isa = PBXFrameworksBuildPhase;
			buildActionMask = 2147483647;
			files = (
			);
			runOnlyForDeploymentPostprocessing = 0;
		};
/* End PBXFrameworksBuildPhase section */

/* Begin PBXGroup section */
		B0F7D3B02BB387AE00D03811 = {
			isa = PBXGroup;
			children = (
				B0F7D3BB2BB387AE00D03811 /* GestureRecognizeApp */,
				B0F7D3D22BB387B000D03811 /* GestureRecognizeAppTests */,
				B0F7D3DC2BB387B000D03811 /* GestureRecognizeAppUITests */,
				B0F7D3BA2BB387AE00D03811 /* Products */,
			);
			sourceTree = "<group>";
		};
		B0F7D3BA2BB387AE00D03811 /* Products */ = {
			isa = PBXGroup;
			children = (
				B0F7D3B92BB387AE00D03811 /* GestureRecognizeApp.app */,
				B0F7D3CF2BB387B000D03811 /* GestureRecognizeAppTests.xctest */,
				B0F7D3D92BB387B000D03811 /* GestureRecognizeAppUITests.xctest */,
			);
			name = Products;
			sourceTree = "<group>";
		};
		B0F7D3BB2BB387AE00D03811 /* GestureRecognizeApp */ = {
			isa = PBXGroup;
			children = (
				B0F7D3BC2BB387AE00D03811 /* AppDelegate.swift */,
				B0F7D3BE2BB387AE00D03811 /* SceneDelegate.swift */,
				B0F7D3C02BB387AE00D03811 /* ViewController.swift */,
				B0F7D3C22BB387AE00D03811 /* Main.storyboard */,
				B0F7D3C52BB387AF00D03811 /* Assets.xcassets */,
				B0F7D3C72BB387AF00D03811 /* LaunchScreen.storyboard */,
				B0F7D3CA2BB387AF00D03811 /* Info.plist */,
			);
			path = GestureRecognizeApp;
			sourceTree = "<group>";
		};
		B0F7D3D22BB387B000D03811 /* GestureRecognizeAppTests */ = {
			isa = PBXGroup;
			children = (
				B0F7D3D32BB387B000D03811 /* GestureRecognizeAppTests.swift */,
			);
			path = GestureRecognizeAppTests;
			sourceTree = "<group>";
		};
		B0F7D3DC2BB387B000D03811 /* GestureRecognizeAppUITests */ = {
			isa = PBXGroup;
			children = (
				B0F7D3DD2BB387B000D03811 /* GestureRecognizeAppUITests.swift */,
				B0F7D3DF2BB387B000D03811 /* GestureRecognizeAppUITestsLaunchTests.swift */,
			);
			path = GestureRecognizeAppUITests;
			sourceTree = "<group>";
		};
/* End PBXGroup section */

/* Begin PBXNativeTarget section */
		B0F7D3B82BB387AE00D03811 /* GestureRecognizeApp */ = {
			isa = PBXNativeTarget;
			buildConfigurationList = B0F7D3E32BB387B000D03811 /* Build configuration list for PBXNativeTarget "GestureRecognizeApp" */;
			buildPhases = (
				B0F7D3B52BB387AE00D03811 /* Sources */,
				B0F7D3B62BB387AE00D03811 /* Frameworks */,
				B0F7D3B72BB387AE00D03811 /* Resources */,
			);
			buildRules = (
			);
			dependencies = (
			);
			name = GestureRecognizeApp;
			productName = GestureRecognizeApp;
			productReference = B0F7D3B92BB387AE00D03811 /* GestureRecognizeApp.app */;
			productType = "com.apple.product-type.application";
		};
		B0F7D3CE2BB387B000D03811 /* GestureRecognizeAppTests */ = {
			isa = PBXNativeTarget;
			buildConfigurationList = B0F7D3E62BB387B000D03811 /* Build configuration list for PBXNativeTarget "GestureRecognizeAppTests" */;
			buildPhases = (
				B0F7D3CB2BB387B000D03811 /* Sources */,
				B0F7D3CC2BB387B000D03811 /* Frameworks */,
				B0F7D3CD2BB387B000D03811 /* Resources */,
			);
			buildRules = (
			);
			dependencies = (
				B0F7D3D12BB387B000D03811 /* PBXTargetDependency */,
			);
			name = GestureRecognizeAppTests;
			productName = GestureRecognizeAppTests;
			productReference = B0F7D3CF2BB387B000D03811 /* GestureRecognizeAppTests.xctest */;
			productType = "com.apple.product-type.bundle.unit-test";
		};
		B0F7D3D82BB387B000D03811 /* GestureRecognizeAppUITests */ = {
			isa = PBXNativeTarget;
			buildConfigurationList = B0F7D3E92BB387B000D03811 /* Build configuration list for PBXNativeTarget "GestureRecognizeAppUITests" */;
			buildPhases = (
				B0F7D3D52BB387B000D03811 /* Sources */,
				B0F7D3D62BB387B000D03811 /* Frameworks */,
				B0F7D3D72BB387B000D03811 /* Resources */,
			);
			buildRules = (
			);
			dependencies = (
				B0F7D3DB2BB387B000D03811 /* PBXTargetDependency */,
			);
			name = GestureRecognizeAppUITests;
			productName = GestureRecognizeAppUITests;
			productReference = B0F7D3D92BB387B000D03811 /* GestureRecognizeAppUITests.xctest */;
			productType = "com.apple.product-type.bundle.ui-testing";
		};
/* End PBXNativeTarget section */

/* Begin PBXProject section */
		B0F7D3B12BB387AE00D03811 /* Project object */ = {
			isa = PBXProject;
			attributes = {
				BuildIndependentTargetsInParallel = 1;
				LastSwiftUpdateCheck = 1520;
				LastUpgradeCheck = 1520;
				TargetAttributes = {
					B0F7D3B82BB387AE00D03811 = {
						CreatedOnToolsVersion = 15.2;
					};
					B0F7D3CE2BB387B000D03811 = {
						CreatedOnToolsVersion = 15.2;
						TestTargetID = B0F7D3B82BB387AE00D03811;
					};
					B0F7D3D82BB387B000D03811 = {
						CreatedOnToolsVersion = 15.2;
						TestTargetID = B0F7D3B82BB387AE00D03811;
					};
				};
			};
			buildConfigurationList = B0F7D3B42BB387AE00D03811 /* Build configuration list for PBXProject "GestureRecognizeApp" */;
			compatibilityVersion = "Xcode 14.0";
			developmentRegion = en;
			hasScannedForEncodings = 0;
			knownRegions = (
				en,
				Base,
			);
			mainGroup = B0F7D3B02BB387AE00D03811;
			productRefGroup = B0F7D3BA2BB387AE00D03811 /* Products */;
			projectDirPath = "";
			projectRoot = "";
			targets = (
				B0F7D3B82BB387AE00D03811 /* GestureRecognizeApp */,
				B0F7D3CE2BB387B000D03811 /* GestureRecognizeAppTests */,
				B0F7D3D82BB387B000D03811 /* GestureRecognizeAppUITests */,
			);
		};
/* End PBXProject section */

/* Begin PBXResourcesBuildPhase section */
		B0F7D3B72BB387AE00D03811 /* Resources */ = {
			isa = PBXResourcesBuildPhase;
			buildActionMask = 2147483647;
			files = (
				B0F7D3C92BB387AF00D03811 /* LaunchScreen.storyboard in Resources */,
				B0F7D3C62BB387AF00D03811 /* Assets.xcassets in Resources */,
				B0F7D3C42BB387AE00D03811 /* Main.storyboard in Resources */,
			);
			runOnlyForDeploymentPostprocessing = 0;
		};
		B0F7D3CD2BB387B000D03811 /* Resources */ = {
			isa = PBXResourcesBuildPhase;
			buildActionMask = 2147483647;
			files = (
			);
			runOnlyForDeploymentPostprocessing = 0;
		};
		B0F7D3D72BB387B000D03811 /* Resources */ = {
			isa = PBXResourcesBuildPhase;
			buildActionMask = 2147483647;
			files = (
			);
			runOnlyForDeploymentPostprocessing = 0;
		};
/* End PBXResourcesBuildPhase section */

/* Begin PBXSourcesBuildPhase section */
		B0F7D3B52BB387AE00D03811 /* Sources */ = {
			isa = PBXSourcesBuildPhase;
			buildActionMask = 2147483647;
			files = (
				B0F7D3C12BB387AE00D03811 /* ViewController.swift in Sources */,
				B0F7D3BD2BB387AE00D03811 /* AppDelegate.swift in Sources */,
				B0F7D3BF2BB387AE00D03811 /* SceneDelegate.swift in Sources */,
			);
			runOnlyForDeploymentPostprocessing = 0;
		};
		B0F7D3CB2BB387B000D03811 /* Sources */ = {
			isa = PBXSourcesBuildPhase;
			buildActionMask = 2147483647;
			files = (
				B0F7D3D42BB387B000D03811 /* GestureRecognizeAppTests.swift in Sources */,
			);
			runOnlyForDeploymentPostprocessing = 0;
		};
		B0F7D3D52BB387B000D03811 /* Sources */ = {
			isa = PBXSourcesBuildPhase;
			buildActionMask = 2147483647;
			files = (
				B0F7D3DE2BB387B000D03811 /* GestureRecognizeAppUITests.swift in Sources */,
				B0F7D3E02BB387B000D03811 /* GestureRecognizeAppUITestsLaunchTests.swift in Sources */,
			);
			runOnlyForDeploymentPostprocessing = 0;
		};
/* End PBXSourcesBuildPhase section */

/* Begin PBXTargetDependency section */
		B0F7D3D12BB387B000D03811 /* PBXTargetDependency */ = {
			isa = PBXTargetDependency;
			target = B0F7D3B82BB387AE00D03811 /* GestureRecognizeApp */;
			targetProxy = B0F7D3D02BB387B000D03811 /* PBXContainerItemProxy */;
		};
		B0F7D3DB2BB387B000D03811 /* PBXTargetDependency */ = {
			isa = PBXTargetDependency;
			target = B0F7D3B82BB387AE00D03811 /* GestureRecognizeApp */;
			targetProxy = B0F7D3DA2BB387B000D03811 /* PBXContainerItemProxy */;
		};
/* End PBXTargetDependency section */

/* Begin PBXVariantGroup section */
		B0F7D3C22BB387AE00D03811 /* Main.storyboard */ = {
			isa = PBXVariantGroup;
			children = (
				B0F7D3C32BB387AE00D03811 /* Base */,
			);
			name = Main.storyboard;
			sourceTree = "<group>";
		};
		B0F7D3C72BB387AF00D03811 /* LaunchScreen.storyboard */ = {
			isa = PBXVariantGroup;
			children = (
				B0F7D3C82BB387AF00D03811 /* Base */,
			);
			name = LaunchScreen.storyboard;
			sourceTree = "<group>";
		};
/* End PBXVariantGroup section */

/* Begin XCBuildConfiguration section */
		B0F7D3E12BB387B000D03811 /* Debug */ = {
			isa = XCBuildConfiguration;
			buildSettings = {
				ALWAYS_SEARCH_USER_PATHS = NO;
				ASSETCATALOG_COMPILER_GENERATE_SWIFT_ASSET_SYMBOL_EXTENSIONS = YES;
				CLANG_ANALYZER_NONNULL = YES;
				CLANG_ANALYZER_NUMBER_OBJECT_CONVERSION = YES_AGGRESSIVE;
				CLANG_CXX_LANGUAGE_STANDARD = "gnu++20";
				CLANG_ENABLE_MODULES = YES;
				CLANG_ENABLE_OBJC_ARC = YES;
				CLANG_ENABLE_OBJC_WEAK = YES;
				CLANG_WARN_BLOCK_CAPTURE_AUTORELEASING = YES;
				CLANG_WARN_BOOL_CONVERSION = YES;
				CLANG_WARN_COMMA = YES;
				CLANG_WARN_CONSTANT_CONVERSION = YES;
				CLANG_WARN_DEPRECATED_OBJC_IMPLEMENTATIONS = YES;
				CLANG_WARN_DIRECT_OBJC_ISA_USAGE = YES_ERROR;
				CLANG_WARN_DOCUMENTATION_COMMENTS = YES;
				CLANG_WARN_EMPTY_BODY = YES;
				CLANG_WARN_ENUM_CONVERSION = YES;
				CLANG_WARN_INFINITE_RECURSION = YES;
				CLANG_WARN_INT_CONVERSION = YES;
				CLANG_WARN_NON_LITERAL_NULL_CONVERSION = YES;
				CLANG_WARN_OBJC_IMPLICIT_RETAIN_SELF = YES;
				CLANG_WARN_OBJC_LITERAL_CONVERSION = YES;
				CLANG_WARN_OBJC_ROOT_CLASS = YES_ERROR;
				CLANG_WARN_QUOTED_INCLUDE_IN_FRAMEWORK_HEADER = YES;
				CLANG_WARN_RANGE_LOOP_ANALYSIS = YES;
				CLANG_WARN_STRICT_PROTOTYPES = YES;
				CLANG_WARN_SUSPICIOUS_MOVE = YES;
				CLANG_WARN_UNGUARDED_AVAILABILITY = YES_AGGRESSIVE;
				CLANG_WARN_UNREACHABLE_CODE = YES;
				CLANG_WARN__DUPLICATE_METHOD_MATCH = YES;
				COPY_PHASE_STRIP = NO;
				DEBUG_INFORMATION_FORMAT = dwarf;
				ENABLE_STRICT_OBJC_MSGSEND = YES;
				ENABLE_TESTABILITY = YES;
				ENABLE_USER_SCRIPT_SANDBOXING = YES;
				GCC_C_LANGUAGE_STANDARD = gnu17;
				GCC_DYNAMIC_NO_PIC = NO;
				GCC_NO_COMMON_BLOCKS = YES;
				GCC_OPTIMIZATION_LEVEL = 0;
				GCC_PREPROCESSOR_DEFINITIONS = (
					"DEBUG=1",
					"$(inherited)",
				);
				GCC_WARN_64_TO_32_BIT_CONVERSION = YES;
				GCC_WARN_ABOUT_RETURN_TYPE = YES_ERROR;
				GCC_WARN_UNDECLARED_SELECTOR = YES;
				GCC_WARN_UNINITIALIZED_AUTOS = YES_AGGRESSIVE;
				GCC_WARN_UNUSED_FUNCTION = YES;
				GCC_WARN_UNUSED_VARIABLE = YES;
				IPHONEOS_DEPLOYMENT_TARGET = 17.2;
				LOCALIZATION_PREFERS_STRING_CATALOGS = YES;
				MTL_ENABLE_DEBUG_INFO = INCLUDE_SOURCE;
				MTL_FAST_MATH = YES;
				ONLY_ACTIVE_ARCH = YES;
				SDKROOT = iphoneos;
				SWIFT_ACTIVE_COMPILATION_CONDITIONS = "DEBUG $(inherited)";
				SWIFT_OPTIMIZATION_LEVEL = "-Onone";
			};
			name = Debug;
		};
		B0F7D3E22BB387B000D03811 /* Release */ = {
			isa = XCBuildConfiguration;
			buildSettings = {
				ALWAYS_SEARCH_USER_PATHS = NO;
				ASSETCATALOG_COMPILER_GENERATE_SWIFT_ASSET_SYMBOL_EXTENSIONS = YES;
				CLANG_ANALYZER_NONNULL = YES;
				CLANG_ANALYZER_NUMBER_OBJECT_CONVERSION = YES_AGGRESSIVE;
				CLANG_CXX_LANGUAGE_STANDARD = "gnu++20";
				CLANG_ENABLE_MODULES = YES;
				CLANG_ENABLE_OBJC_ARC = YES;
				CLANG_ENABLE_OBJC_WEAK = YES;
				CLANG_WARN_BLOCK_CAPTURE_AUTORELEASING = YES;
				CLANG_WARN_BOOL_CONVERSION = YES;
				CLANG_WARN_COMMA = YES;
				CLANG_WARN_CONSTANT_CONVERSION = YES;
				CLANG_WARN_DEPRECATED_OBJC_IMPLEMENTATIONS = YES;
				CLANG_WARN_DIRECT_OBJC_ISA_USAGE = YES_ERROR;
				CLANG_WARN_DOCUMENTATION_COMMENTS = YES;
				CLANG_WARN_EMPTY_BODY = YES;
				CLANG_WARN_ENUM_CONVERSION = YES;
				CLANG_WARN_INFINITE_RECURSION = YES;
				CLANG_WARN_INT_CONVERSION = YES;
				CLANG_WARN_NON_LITERAL_NULL_CONVERSION = YES;
				CLANG_WARN_OBJC_IMPLICIT_RETAIN_SELF = YES;
				CLANG_WARN_OBJC_LITERAL_CONVERSION = YES;
				CLANG_WARN_OBJC_ROOT_CLASS = YES_ERROR;
				CLANG_WARN_QUOTED_INCLUDE_IN_FRAMEWORK_HEADER = YES;
				CLANG_WARN_RANGE_LOOP_ANALYSIS = YES;
				CLANG_WARN_STRICT_PROTOTYPES = YES;
				CLANG_WARN_SUSPICIOUS_MOVE = YES;
				CLANG_WARN_UNGUARDED_AVAILABILITY = YES_AGGRESSIVE;
				CLANG_WARN_UNREACHABLE_CODE = YES;
				CLANG_WARN__DUPLICATE_METHOD_MATCH = YES;
				COPY_PHASE_STRIP = NO;
				DEBUG_INFORMATION_FORMAT = "dwarf-with-dsym";
				ENABLE_NS_ASSERTIONS = NO;
				ENABLE_STRICT_OBJC_MSGSEND = YES;
				ENABLE_USER_SCRIPT_SANDBOXING = YES;
				GCC_C_LANGUAGE_STANDARD = gnu17;
				GCC_NO_COMMON_BLOCKS = YES;
				GCC_WARN_64_TO_32_BIT_CONVERSION = YES;
				GCC_WARN_ABOUT_RETURN_TYPE = YES_ERROR;
				GCC_WARN_UNDECLARED_SELECTOR = YES;
				GCC_WARN_UNINITIALIZED_AUTOS = YES_AGGRESSIVE;
				GCC_WARN_UNUSED_FUNCTION = YES;
				GCC_WARN_UNUSED_VARIABLE = YES;
				IPHONEOS_DEPLOYMENT_TARGET = 17.2;
				LOCALIZATION_PREFERS_STRING_CATALOGS = YES;
				MTL_ENABLE_DEBUG_INFO = NO;
				MTL_FAST_MATH = YES;
				SDKROOT = iphoneos;
				SWIFT_COMPILATION_MODE = wholemodule;
				VALIDATE_PRODUCT = YES;
			};
			name = Release;
		};
		B0F7D3E42BB387B000D03811 /* Debug */ = {
			isa = XCBuildConfiguration;
			buildSettings = {
				ASSETCATALOG_COMPILER_APPICON_NAME = AppIcon;
				ASSETCATALOG_COMPILER_GLOBAL_ACCENT_COLOR_NAME = AccentColor;
				CODE_SIGN_STYLE = Automatic;
				CURRENT_PROJECT_VERSION = 1;
				GENERATE_INFOPLIST_FILE = YES;
				INFOPLIST_FILE = GestureRecognizeApp/Info.plist;
				INFOPLIST_KEY_UIApplicationSupportsIndirectInputEvents = YES;
				INFOPLIST_KEY_UILaunchStoryboardName = LaunchScreen;
				INFOPLIST_KEY_UIMainStoryboardFile = Main;
				INFOPLIST_KEY_UISupportedInterfaceOrientations_iPad = "UIInterfaceOrientationPortrait UIInterfaceOrientationPortraitUpsideDown UIInterfaceOrientationLandscapeLeft UIInterfaceOrientationLandscapeRight";
				INFOPLIST_KEY_UISupportedInterfaceOrientations_iPhone = "UIInterfaceOrientationPortrait UIInterfaceOrientationLandscapeLeft UIInterfaceOrientationLandscapeRight";
				LD_RUNPATH_SEARCH_PATHS = (
					"$(inherited)",
					"@executable_path/Frameworks",
				);
				MARKETING_VERSION = 1.0;
				PRODUCT_BUNDLE_IDENTIFIER = com.GestureRecognizeApp;
				PRODUCT_NAME = "$(TARGET_NAME)";
				SWIFT_EMIT_LOC_STRINGS = YES;
				SWIFT_VERSION = 5.0;
				TARGETED_DEVICE_FAMILY = "1,2";
			};
			name = Debug;
		};
		B0F7D3E52BB387B000D03811 /* Release */ = {
			isa = XCBuildConfiguration;
			buildSettings = {
				ASSETCATALOG_COMPILER_APPICON_NAME = AppIcon;
				ASSETCATALOG_COMPILER_GLOBAL_ACCENT_COLOR_NAME = AccentColor;
				CODE_SIGN_STYLE = Automatic;
				CURRENT_PROJECT_VERSION = 1;
				GENERATE_INFOPLIST_FILE = YES;
				INFOPLIST_FILE = GestureRecognizeApp/Info.plist;
				INFOPLIST_KEY_UIApplicationSupportsIndirectInputEvents = YES;
				INFOPLIST_KEY_UILaunchStoryboardName = LaunchScreen;
				INFOPLIST_KEY_UIMainStoryboardFile = Main;
				INFOPLIST_KEY_UISupportedInterfaceOrientations_iPad = "UIInterfaceOrientationPortrait UIInterfaceOrientationPortraitUpsideDown UIInterfaceOrientationLandscapeLeft UIInterfaceOrientationLandscapeRight";
				INFOPLIST_KEY_UISupportedInterfaceOrientations_iPhone = "UIInterfaceOrientationPortrait UIInterfaceOrientationLandscapeLeft UIInterfaceOrientationLandscapeRight";
				LD_RUNPATH_SEARCH_PATHS = (
					"$(inherited)",
					"@executable_path/Frameworks",
				);
				MARKETING_VERSION = 1.0;
				PRODUCT_BUNDLE_IDENTIFIER = com.GestureRecognizeApp;
				PRODUCT_NAME = "$(TARGET_NAME)";
				SWIFT_EMIT_LOC_STRINGS = YES;
				SWIFT_VERSION = 5.0;
				TARGETED_DEVICE_FAMILY = "1,2";
			};
			name = Release;
		};
		B0F7D3E72BB387B000D03811 /* Debug */ = {
			isa = XCBuildConfiguration;
			buildSettings = {
				ALWAYS_EMBED_SWIFT_STANDARD_LIBRARIES = YES;
				BUNDLE_LOADER = "$(TEST_HOST)";
				CODE_SIGN_STYLE = Automatic;
				CURRENT_PROJECT_VERSION = 1;
				GENERATE_INFOPLIST_FILE = YES;
				IPHONEOS_DEPLOYMENT_TARGET = 17.2;
				MARKETING_VERSION = 1.0;
				PRODUCT_BUNDLE_IDENTIFIER = com.GestureRecognizeAppTests;
				PRODUCT_NAME = "$(TARGET_NAME)";
				SWIFT_EMIT_LOC_STRINGS = NO;
				SWIFT_VERSION = 5.0;
				TARGETED_DEVICE_FAMILY = "1,2";
				TEST_HOST = "$(BUILT_PRODUCTS_DIR)/GestureRecognizeApp.app/$(BUNDLE_EXECUTABLE_FOLDER_PATH)/GestureRecognizeApp";
			};
			name = Debug;
		};
		B0F7D3E82BB387B000D03811 /* Release */ = {
			isa = XCBuildConfiguration;
			buildSettings = {
				ALWAYS_EMBED_SWIFT_STANDARD_LIBRARIES = YES;
				BUNDLE_LOADER = "$(TEST_HOST)";
				CODE_SIGN_STYLE = Automatic;
				CURRENT_PROJECT_VERSION = 1;
				GENERATE_INFOPLIST_FILE = YES;
				IPHONEOS_DEPLOYMENT_TARGET = 17.2;
				MARKETING_VERSION = 1.0;
				PRODUCT_BUNDLE_IDENTIFIER = com.GestureRecognizeAppTests;
				PRODUCT_NAME = "$(TARGET_NAME)";
				SWIFT_EMIT_LOC_STRINGS = NO;
				SWIFT_VERSION = 5.0;
				TARGETED_DEVICE_FAMILY = "1,2";
				TEST_HOST = "$(BUILT_PRODUCTS_DIR)/GestureRecognizeApp.app/$(BUNDLE_EXECUTABLE_FOLDER_PATH)/GestureRecognizeApp";
			};
			name = Release;
		};
		B0F7D3EA2BB387B000D03811 /* Debug */ = {
			isa = XCBuildConfiguration;
			buildSettings = {
				ALWAYS_EMBED_SWIFT_STANDARD_LIBRARIES = YES;
				CODE_SIGN_STYLE = Automatic;
				CURRENT_PROJECT_VERSION = 1;
				GENERATE_INFOPLIST_FILE = YES;
				MARKETING_VERSION = 1.0;
				PRODUCT_BUNDLE_IDENTIFIER = com.GestureRecognizeAppUITests;
				PRODUCT_NAME = "$(TARGET_NAME)";
				SWIFT_EMIT_LOC_STRINGS = NO;
				SWIFT_VERSION = 5.0;
				TARGETED_DEVICE_FAMILY = "1,2";
				TEST_TARGET_NAME = GestureRecognizeApp;
			};
			name = Debug;
		};
		B0F7D3EB2BB387B000D03811 /* Release */ = {
			isa = XCBuildConfiguration;
			buildSettings = {
				ALWAYS_EMBED_SWIFT_STANDARD_LIBRARIES = YES;
				CODE_SIGN_STYLE = Automatic;
				CURRENT_PROJECT_VERSION = 1;
				GENERATE_INFOPLIST_FILE = YES;
				MARKETING_VERSION = 1.0;
				PRODUCT_BUNDLE_IDENTIFIER = com.GestureRecognizeAppUITests;
				PRODUCT_NAME = "$(TARGET_NAME)";
				SWIFT_EMIT_LOC_STRINGS = NO;
				SWIFT_VERSION = 5.0;
				TARGETED_DEVICE_FAMILY = "1,2";
				TEST_TARGET_NAME = GestureRecognizeApp;
			};
			name = Release;
		};
/* End XCBuildConfiguration section */

/* Begin XCConfigurationList section */
		B0F7D3B42BB387AE00D03811 /* Build configuration list for PBXProject "GestureRecognizeApp" */ = {
			isa = XCConfigurationList;
			buildConfigurations = (
				B0F7D3E12BB387B000D03811 /* Debug */,
				B0F7D3E22BB387B000D03811 /* Release */,
			);
			defaultConfigurationIsVisible = 0;
			defaultConfigurationName = Release;
		};
		B0F7D3E32BB387B000D03811 /* Build configuration list for PBXNativeTarget "GestureRecognizeApp" */ = {
			isa = XCConfigurationList;
			buildConfigurations = (
				B0F7D3E42BB387B000D03811 /* Debug */,
				B0F7D3E52BB387B000D03811 /* Release */,
			);
			defaultConfigurationIsVisible = 0;
			defaultConfigurationName = Release;
		};
		B0F7D3E62BB387B000D03811 /* Build configuration list for PBXNativeTarget "GestureRecognizeAppTests" */ = {
			isa = XCConfigurationList;
			buildConfigurations = (
				B0F7D3E72BB387B000D03811 /* Debug */,
				B0F7D3E82BB387B000D03811 /* Release */,
			);
			defaultConfigurationIsVisible = 0;
			defaultConfigurationName = Release;
		};
		B0F7D3E92BB387B000D03811 /* Build configuration list for PBXNativeTarget "GestureRecognizeAppUITests" */ = {
			isa = XCConfigurationList;
			buildConfigurations = (
				B0F7D3EA2BB387B000D03811 /* Debug */,
				B0F7D3EB2BB387B000D03811 /* Release */,
			);
			defaultConfigurationIsVisible = 0;
			defaultConfigurationName = Release;
		};
/* End XCConfigurationList section */
	};
	rootObject = B0F7D3B12BB387AE00D03811 /* Project object */;
}
